// !$*UTF8*$!
{
	archiveVersion = 1;
	classes = {
	};
	objectVersion = 46;
	objects = {

/* Begin PBXBuildFile section */
		013DEC685F573615DAA944DD /* TRMNLHealthSyncApp.swift in Sources */ = {isa = PBXBuildFile; fileRef = EB962B9D9D3DBD131B4F013C /* TRMNLHealthSyncApp.swift */; };
		48FCBBB9EAB441AE7D53BABA /* Foundation.framework in Frameworks */ = {isa = PBXBuildFile; fileRef = 9D8CA504F2432847446E0975 /* Foundation.framework */; };
		5C9E2E0ED6F35E1E60F8558A /* Security.framework in Frameworks */ = {isa = PBXBuildFile; fileRef = AA20555FD2600A45A16909D5 /* Security.framework */; };
		65572CED714B582643761399 /* HealthKit.framework in Frameworks */ = {isa = PBXBuildFile; fileRef = D04B8E0912AC362170AE319F /* HealthKit.framework */; };
		6840FBAA34DF29E7BF635A9A /* HealthKitStore.swift in Sources */ = {isa = PBXBuildFile; fileRef = A68A887A28D8A552224F668F /* HealthKitStore.swift */; };
		6F78E5D01C9B22FB5ACDF445 /* KeychainStore.swift in Sources */ = {isa = PBXBuildFile; fileRef = F9E5FD560A451EA841C81F17 /* KeychainStore.swift */; };
		8207F6CB330308405C7521C4 /* ContentView.swift in Sources */ = {isa = PBXBuildFile; fileRef = 04A1130588F3C16DAD9AF770 /* ContentView.swift */; };
		BF5ACB84DA89E72A34AC4481 /* AppModel.swift in Sources */ = {isa = PBXBuildFile; fileRef = 5EB102C7FCBD4F4D98C1BA38 /* AppModel.swift */; };
		E973323AE916BA10FB09CD8B /* Models.swift in Sources */ = {isa = PBXBuildFile; fileRef = 745CF5C14BEE6F724E1B34C5 /* Models.swift */; };
		EA66367B4D89BE914B596027 /* HomeAssistantClient.swift in Sources */ = {isa = PBXBuildFile; fileRef = 715568C1095EC79F0CFA8098 /* HomeAssistantClient.swift */; };
/* End PBXBuildFile section */

/* Begin PBXFileReference section */
		04A1130588F3C16DAD9AF770 /* ContentView.swift */ = {isa = PBXFileReference; includeInIndex = 1; lastKnownFileType = sourcecode.swift; name = ContentView.swift; path = TRMNLHealthSync/ContentView.swift; sourceTree = "<group>"; };
		50C16DAAD4EDC3042E14A3F0 /* TRMNLHealthSync.app */ = {isa = PBXFileReference; explicitFileType = wrapper.application; includeInIndex = 0; path = TRMNLHealthSync.app; sourceTree = BUILT_PRODUCTS_DIR; };
		5EB102C7FCBD4F4D98C1BA38 /* AppModel.swift */ = {isa = PBXFileReference; includeInIndex = 1; lastKnownFileType = sourcecode.swift; name = AppModel.swift; path = TRMNLHealthSync/AppModel.swift; sourceTree = "<group>"; };
		715568C1095EC79F0CFA8098 /* HomeAssistantClient.swift */ = {isa = PBXFileReference; includeInIndex = 1; lastKnownFileType = sourcecode.swift; name = HomeAssistantClient.swift; path = TRMNLHealthSync/HomeAssistantClient.swift; sourceTree = "<group>"; };
		745CF5C14BEE6F724E1B34C5 /* Models.swift */ = {isa = PBXFileReference; includeInIndex = 1; lastKnownFileType = sourcecode.swift; name = Models.swift; path = TRMNLHealthSync/Models.swift; sourceTree = "<group>"; };
		9D8CA504F2432847446E0975 /* Foundation.framework */ = {isa = PBXFileReference; lastKnownFileType = wrapper.framework; name = Foundation.framework; path = Platforms/iPhoneOS.platform/Developer/SDKs/iPhoneOS18.0.sdk/System/Library/Frameworks/Foundation.framework; sourceTree = DEVELOPER_DIR; };
		A68A887A28D8A552224F668F /* HealthKitStore.swift */ = {isa = PBXFileReference; includeInIndex = 1; lastKnownFileType = sourcecode.swift; name = HealthKitStore.swift; path = TRMNLHealthSync/HealthKitStore.swift; sourceTree = "<group>"; };
		AA20555FD2600A45A16909D5 /* Security.framework */ = {isa = PBXFileReference; lastKnownFileType = wrapper.framework; name = Security.framework; path = System/Library/Frameworks/Security.framework; sourceTree = "<group>"; };
		D04B8E0912AC362170AE319F /* HealthKit.framework */ = {isa = PBXFileReference; lastKnownFileType = wrapper.framework; name = HealthKit.framework; path = System/Library/Frameworks/HealthKit.framework; sourceTree = "<group>"; };
		D1DEA32D36010172335A970A /* TRMNLHealthSync.entitlements */ = {isa = PBXFileReference; includeInIndex = 1; lastKnownFileType = text.plist.entitlements; name = TRMNLHealthSync.entitlements; path = TRMNLHealthSync/TRMNLHealthSync.entitlements; sourceTree = "<group>"; };
		EB962B9D9D3DBD131B4F013C /* TRMNLHealthSyncApp.swift */ = {isa = PBXFileReference; includeInIndex = 1; lastKnownFileType = sourcecode.swift; name = TRMNLHealthSyncApp.swift; path = TRMNLHealthSync/TRMNLHealthSyncApp.swift; sourceTree = "<group>"; };
		F9E5FD560A451EA841C81F17 /* KeychainStore.swift */ = {isa = PBXFileReference; includeInIndex = 1; lastKnownFileType = sourcecode.swift; name = KeychainStore.swift; path = TRMNLHealthSync/KeychainStore.swift; sourceTree = "<group>"; };
/* End PBXFileReference section */

/* Begin PBXFrameworksBuildPhase section */
		8ED376AC7971DED02E7BDA03 /* Frameworks */ = {
			isa = PBXFrameworksBuildPhase;
			buildActionMask = 2147483647;
			files = (
				48FCBBB9EAB441AE7D53BABA /* Foundation.framework in Frameworks */,
				65572CED714B582643761399 /* HealthKit.framework in Frameworks */,
				5C9E2E0ED6F35E1E60F8558A /* Security.framework in Frameworks */,
			);
			runOnlyForDeploymentPostprocessing = 0;
		};
/* End PBXFrameworksBuildPhase section */

/* Begin PBXGroup section */
		2729AE90A4C44672EB036E92 = {
			isa = PBXGroup;
			children = (
				6DF206E950066F83C2EF2B7A /* Products */,
				62F85C0B289211E0F827C1E0 /* Frameworks */,
				FFDA31646045B38554F1B01E /* TRMNLHealthSync */,
			);
			sourceTree = "<group>";
		};
		62F85C0B289211E0F827C1E0 /* Frameworks */ = {
			isa = PBXGroup;
			children = (
				BA8F98B10542E77304839D09 /* iOS */,
				D04B8E0912AC362170AE319F /* HealthKit.framework */,
				AA20555FD2600A45A16909D5 /* Security.framework */,
			);
			name = Frameworks;
			sourceTree = "<group>";
		};
		6DF206E950066F83C2EF2B7A /* Products */ = {
			isa = PBXGroup;
			children = (
				50C16DAAD4EDC3042E14A3F0 /* TRMNLHealthSync.app */,
			);
			name = Products;
			sourceTree = "<group>";
		};
		BA8F98B10542E77304839D09 /* iOS */ = {
			isa = PBXGroup;
			children = (
				9D8CA504F2432847446E0975 /* Foundation.framework */,
			);
			name = iOS;
			sourceTree = "<group>";
		};
		FFDA31646045B38554F1B01E /* TRMNLHealthSync */ = {
			isa = PBXGroup;
			children = (
				5EB102C7FCBD4F4D98C1BA38 /* AppModel.swift */,
				04A1130588F3C16DAD9AF770 /* ContentView.swift */,
				A68A887A28D8A552224F668F /* HealthKitStore.swift */,
				715568C1095EC79F0CFA8098 /* HomeAssistantClient.swift */,
				F9E5FD560A451EA841C81F17 /* KeychainStore.swift */,
				745CF5C14BEE6F724E1B34C5 /* Models.swift */,
				D1DEA32D36010172335A970A /* TRMNLHealthSync.entitlements */,
				EB962B9D9D3DBD131B4F013C /* TRMNLHealthSyncApp.swift */,
			);
			name = TRMNLHealthSync;
			sourceTree = "<group>";
		};
/* End PBXGroup section */

/* Begin PBXNativeTarget section */
		910EEFFE266563EBCA4A8706 /* TRMNLHealthSync */ = {
			isa = PBXNativeTarget;
			buildConfigurationList = F1F3DEC0F9339D8C6A90186B /* Build configuration list for PBXNativeTarget "TRMNLHealthSync" */;
			buildPhases = (
				58C23C111B67DFB68BC4EBCA /* Sources */,
				8ED376AC7971DED02E7BDA03 /* Frameworks */,
				C1095E366736C71778B85AC6 /* Resources */,
			);
			buildRules = (
			);
			dependencies = (
			);
			name = TRMNLHealthSync;
			productName = TRMNLHealthSync;
			productReference = 50C16DAAD4EDC3042E14A3F0 /* TRMNLHealthSync.app */;
			productType = "com.apple.product-type.application";
		};
/* End PBXNativeTarget section */

/* Begin PBXProject section */
		F3A290023A4C41678F3E3E48 /* Project object */ = {
			isa = PBXProject;
			attributes = {
				LastSwiftUpdateCheck = 1600;
				LastUpgradeCheck = 1650;
			};
			buildConfigurationList = 923DE9B19E34DB671EDABDC0 /* Build configuration list for PBXProject "TRMNLHealthSync" */;
			compatibilityVersion = "Xcode 3.2";
			developmentRegion = en;
			hasScannedForEncodings = 0;
			knownRegions = (
				en,
				Base,
			);
			mainGroup = 2729AE90A4C44672EB036E92;
			minimizedProjectReferenceProxies = 0;
			preferredProjectObjectVersion = 77;
			productRefGroup = 6DF206E950066F83C2EF2B7A /* Products */;
			projectDirPath = "";
			projectRoot = "";
			targets = (
				910EEFFE266563EBCA4A8706 /* TRMNLHealthSync */,
			);
		};
/* End PBXProject section */

/* Begin PBXResourcesBuildPhase section */
		C1095E366736C71778B85AC6 /* Resources */ = {
			isa = PBXResourcesBuildPhase;
			buildActionMask = 2147483647;
			files = (
			);
			runOnlyForDeploymentPostprocessing = 0;
		};
/* End PBXResourcesBuildPhase section */

/* Begin PBXSourcesBuildPhase section */
		58C23C111B67DFB68BC4EBCA /* Sources */ = {
			isa = PBXSourcesBuildPhase;
			buildActionMask = 2147483647;
			files = (
				BF5ACB84DA89E72A34AC4481 /* AppModel.swift in Sources */,
				8207F6CB330308405C7521C4 /* ContentView.swift in Sources */,
				6840FBAA34DF29E7BF635A9A /* HealthKitStore.swift in Sources */,
				EA66367B4D89BE914B596027 /* HomeAssistantClient.swift in Sources */,
				6F78E5D01C9B22FB5ACDF445 /* KeychainStore.swift in Sources */,
				E973323AE916BA10FB09CD8B /* Models.swift in Sources */,
				013DEC685F573615DAA944DD /* TRMNLHealthSyncApp.swift in Sources */,
			);
			runOnlyForDeploymentPostprocessing = 0;
		};
/* End PBXSourcesBuildPhase section */

/* Begin XCBuildConfiguration section */
		4A74D7BF5F8D3303D586CBE4 /* Release */ = {
			isa = XCBuildConfiguration;
			buildSettings = {
				ALWAYS_SEARCH_USER_PATHS = NO;
				CLANG_ANALYZER_NONNULL = YES;
				CLANG_ANALYZER_NUMBER_OBJECT_CONVERSION = YES_AGGRESSIVE;
				CLANG_CXX_LANGUAGE_STANDARD = "gnu++14";
				CLANG_CXX_LIBRARY = "libc++";
				CLANG_ENABLE_MODULES = YES;
				CLANG_ENABLE_OBJC_ARC = YES;
				CLANG_ENABLE_OBJC_WEAK = YES;
				CLANG_WARN_BLOCK_CAPTURE_AUTORELEASING = YES;
				CLANG_WARN_BOOL_CONVERSION = YES;
				CLANG_WARN_COMMA = YES;
				CLANG_WARN_CONSTANT_CONVERSION = YES;
				CLANG_WARN_DEPRECATED_OBJC_IMPLEMENTATIONS = YES;
				CLANG_WARN_DIRECT_OBJC_ISA_USAGE = YES_ERROR;
				CLANG_WARN_DOCUMENTATION_COMMENTS = YES;
				CLANG_WARN_EMPTY_BODY = YES;
				CLANG_WARN_ENUM_CONVERSION = YES;
				CLANG_WARN_INFINITE_RECURSION = YES;
				CLANG_WARN_INT_CONVERSION = YES;
				CLANG_WARN_NON_LITERAL_NULL_CONVERSION = YES;
				CLANG_WARN_OBJC_IMPLICIT_RETAIN_SELF = YES;
				CLANG_WARN_OBJC_LITERAL_CONVERSION = YES;
				CLANG_WARN_OBJC_ROOT_CLASS = YES_ERROR;
				CLANG_WARN_QUOTED_INCLUDE_IN_FRAMEWORK_HEADER = YES;
				CLANG_WARN_RANGE_LOOP_ANALYSIS = YES;
				CLANG_WARN_STRICT_PROTOTYPES = YES;
				CLANG_WARN_SUSPICIOUS_MOVE = YES;
				CLANG_WARN_UNGUARDED_AVAILABILITY = YES_AGGRESSIVE;
				CLANG_WARN_UNREACHABLE_CODE = YES;
				CLANG_WARN__DUPLICATE_METHOD_MATCH = YES;
				COPY_PHASE_STRIP = NO;
				DEBUG_INFORMATION_FORMAT = "dwarf-with-dsym";
				ENABLE_NS_ASSERTIONS = NO;
				ENABLE_STRICT_OBJC_MSGSEND = YES;
				GCC_C_LANGUAGE_STANDARD = gnu11;
				GCC_NO_COMMON_BLOCKS = YES;
				GCC_WARN_64_TO_32_BIT_CONVERSION = YES;
				GCC_WARN_ABOUT_RETURN_TYPE = YES_ERROR;
				GCC_WARN_UNDECLARED_SELECTOR = YES;
				GCC_WARN_UNINITIALIZED_AUTOS = YES_AGGRESSIVE;
				GCC_WARN_UNUSED_FUNCTION = YES;
				GCC_WARN_UNUSED_VARIABLE = YES;
				MTL_ENABLE_DEBUG_INFO = NO;
				MTL_FAST_MATH = YES;
				PRODUCT_NAME = "$(TARGET_NAME)";
				SWIFT_COMPILATION_MODE = wholemodule;
				SWIFT_OPTIMIZATION_LEVEL = "-O";
				SWIFT_VERSION = 5.0;
			};
			name = Release;
		};
		6A8E7D980F38EC0A3770B865 /* Release */ = {
			isa = XCBuildConfiguration;
			buildSettings = {
				ASSETCATALOG_COMPILER_APPICON_NAME = "";
				ASSETCATALOG_COMPILER_GLOBAL_ACCENT_COLOR_NAME = AccentColor;
				CLANG_ENABLE_OBJC_WEAK = NO;
				CODE_SIGN_ENTITLEMENTS = TRMNLHealthSync/TRMNLHealthSync.entitlements;
				CODE_SIGN_STYLE = Automatic;
				CURRENT_PROJECT_VERSION = 1;
				DEVELOPMENT_TEAM = "";
				GENERATE_INFOPLIST_FILE = YES;
				INFOPLIST_KEY_CFBundleDisplayName = "TRMNL Health Sync";
				INFOPLIST_KEY_NSHealthShareUsageDescription = "TRMNL Health Sync reads your Apple Health data to mirror your daily activity on TRMNL and Home Assistant.";
				INFOPLIST_KEY_UIApplicationSupportsIndirectInputEvents = YES;
				INFOPLIST_KEY_UILaunchScreen_Generation = YES;
				INFOPLIST_KEY_UISupportedInterfaceOrientations_iPhone = UIInterfaceOrientationPortrait;
				IPHONEOS_DEPLOYMENT_TARGET = 17.0;
				LD_RUNPATH_SEARCH_PATHS = "$(inherited) @executable_path/Frameworks";
				MARKETING_VERSION = 0.1.0;
				PRODUCT_BUNDLE_IDENTIFIER = io.github.jordanleinberger.trmnlhealthsync;
				PRODUCT_NAME = "$(TARGET_NAME)";
				SDKROOT = iphoneos;
				SUPPORTED_PLATFORMS = "iphoneos iphonesimulator";
				SUPPORTS_MACCATALYST = NO;
				SWIFT_EMIT_LOC_STRINGS = YES;
				SWIFT_VERSION = 5.0;
				TARGETED_DEVICE_FAMILY = 1;
				VALIDATE_PRODUCT = YES;
			};
			name = Release;
		};
		718D029E348E181642AE8D67 /* Debug */ = {
			isa = XCBuildConfiguration;
			buildSettings = {
				ALWAYS_SEARCH_USER_PATHS = NO;
				CLANG_ANALYZER_NONNULL = YES;
				CLANG_ANALYZER_NUMBER_OBJECT_CONVERSION = YES_AGGRESSIVE;
				CLANG_CXX_LANGUAGE_STANDARD = "gnu++14";
				CLANG_CXX_LIBRARY = "libc++";
				CLANG_ENABLE_MODULES = YES;
				CLANG_ENABLE_OBJC_ARC = YES;
				CLANG_ENABLE_OBJC_WEAK = YES;
				CLANG_WARN_BLOCK_CAPTURE_AUTORELEASING = YES;
				CLANG_WARN_BOOL_CONVERSION = YES;
				CLANG_WARN_COMMA = YES;
				CLANG_WARN_CONSTANT_CONVERSION = YES;
				CLANG_WARN_DEPRECATED_OBJC_IMPLEMENTATIONS = YES;
				CLANG_WARN_DIRECT_OBJC_ISA_USAGE = YES_ERROR;
				CLANG_WARN_DOCUMENTATION_COMMENTS = YES;
				CLANG_WARN_EMPTY_BODY = YES;
				CLANG_WARN_ENUM_CONVERSION = YES;
				CLANG_WARN_INFINITE_RECURSION = YES;
				CLANG_WARN_INT_CONVERSION = YES;
				CLANG_WARN_NON_LITERAL_NULL_CONVERSION = YES;
				CLANG_WARN_OBJC_IMPLICIT_RETAIN_SELF = YES;
				CLANG_WARN_OBJC_LITERAL_CONVERSION = YES;
				CLANG_WARN_OBJC_ROOT_CLASS = YES_ERROR;
				CLANG_WARN_QUOTED_INCLUDE_IN_FRAMEWORK_HEADER = YES;
				CLANG_WARN_RANGE_LOOP_ANALYSIS = YES;
				CLANG_WARN_STRICT_PROTOTYPES = YES;
				CLANG_WARN_SUSPICIOUS_MOVE = YES;
				CLANG_WARN_UNGUARDED_AVAILABILITY = YES_AGGRESSIVE;
				CLANG_WARN_UNREACHABLE_CODE = YES;
				CLANG_WARN__DUPLICATE_METHOD_MATCH = YES;
				COPY_PHASE_STRIP = NO;
				DEBUG_INFORMATION_FORMAT = dwarf;
				ENABLE_STRICT_OBJC_MSGSEND = YES;
				ENABLE_TESTABILITY = YES;
				GCC_C_LANGUAGE_STANDARD = gnu11;
				GCC_DYNAMIC_NO_PIC = NO;
				GCC_NO_COMMON_BLOCKS = YES;
				GCC_OPTIMIZATION_LEVEL = 0;
				GCC_PREPROCESSOR_DEFINITIONS = (
					"DEBUG=1",
					"$(inherited)",
				);
				GCC_WARN_64_TO_32_BIT_CONVERSION = YES;
				GCC_WARN_ABOUT_RETURN_TYPE = YES_ERROR;
				GCC_WARN_UNDECLARED_SELECTOR = YES;
				GCC_WARN_UNINITIALIZED_AUTOS = YES_AGGRESSIVE;
				GCC_WARN_UNUSED_FUNCTION = YES;
				GCC_WARN_UNUSED_VARIABLE = YES;
				MTL_ENABLE_DEBUG_INFO = INCLUDE_SOURCE;
				MTL_FAST_MATH = YES;
				ONLY_ACTIVE_ARCH = YES;
				PRODUCT_NAME = "$(TARGET_NAME)";
				SWIFT_ACTIVE_COMPILATION_CONDITIONS = DEBUG;
				SWIFT_OPTIMIZATION_LEVEL = "-Onone";
				SWIFT_VERSION = 5.0;
			};
			name = Debug;
		};
		D2AC3907815AF68B4C1D910A /* Debug */ = {
			isa = XCBuildConfiguration;
			buildSettings = {
				ASSETCATALOG_COMPILER_APPICON_NAME = "";
				ASSETCATALOG_COMPILER_GLOBAL_ACCENT_COLOR_NAME = AccentColor;
				CLANG_ENABLE_OBJC_WEAK = NO;
				CODE_SIGN_ENTITLEMENTS = TRMNLHealthSync/TRMNLHealthSync.entitlements;
				CODE_SIGN_STYLE = Automatic;
				CURRENT_PROJECT_VERSION = 1;
				DEVELOPMENT_TEAM = "";
				GENERATE_INFOPLIST_FILE = YES;
				INFOPLIST_KEY_CFBundleDisplayName = "TRMNL Health Sync";
				INFOPLIST_KEY_NSHealthShareUsageDescription = "TRMNL Health Sync reads your Apple Health data to mirror your daily activity on TRMNL and Home Assistant.";
				INFOPLIST_KEY_UIApplicationSupportsIndirectInputEvents = YES;
				INFOPLIST_KEY_UILaunchScreen_Generation = YES;
				INFOPLIST_KEY_UISupportedInterfaceOrientations_iPhone = UIInterfaceOrientationPortrait;
				IPHONEOS_DEPLOYMENT_TARGET = 17.0;
				LD_RUNPATH_SEARCH_PATHS = "$(inherited) @executable_path/Frameworks";
				MARKETING_VERSION = 0.1.0;
				PRODUCT_BUNDLE_IDENTIFIER = io.github.jordanleinberger.trmnlhealthsync;
				PRODUCT_NAME = "$(TARGET_NAME)";
				SDKROOT = iphoneos;
				SUPPORTED_PLATFORMS = "iphoneos iphonesimulator";
				SUPPORTS_MACCATALYST = NO;
				SWIFT_EMIT_LOC_STRINGS = YES;
				SWIFT_VERSION = 5.0;
				TARGETED_DEVICE_FAMILY = 1;
			};
			name = Debug;
		};
/* End XCBuildConfiguration section */

/* Begin XCConfigurationList section */
		923DE9B19E34DB671EDABDC0 /* Build configuration list for PBXProject "TRMNLHealthSync" */ = {
			isa = XCConfigurationList;
			buildConfigurations = (
				718D029E348E181642AE8D67 /* Debug */,
				4A74D7BF5F8D3303D586CBE4 /* Release */,
			);
			defaultConfigurationIsVisible = 0;
			defaultConfigurationName = Release;
		};
		F1F3DEC0F9339D8C6A90186B /* Build configuration list for PBXNativeTarget "TRMNLHealthSync" */ = {
			isa = XCConfigurationList;
			buildConfigurations = (
				6A8E7D980F38EC0A3770B865 /* Release */,
				D2AC3907815AF68B4C1D910A /* Debug */,
			);
			defaultConfigurationIsVisible = 0;
			defaultConfigurationName = Release;
		};
/* End XCConfigurationList section */
	};
	rootObject = F3A290023A4C41678F3E3E48 /* Project object */;
}
